{
  "name": "@qualweb/cli",
  "version": "0.0.1",
  "lockfileVersion": 1,
  "requires": true,
  "dependencies": {
    "@qualweb/types": {
      "version": "0.0.12",
      "resolved": "https://registry.npmjs.org/@qualweb/types/-/types-0.0.12.tgz",
      "integrity": "sha512-UjsONUux+w1Qn2uvV+t1LSHIYhvDxK1CSuuxdu901snLLYTeXVHhWfBLOmsqw3Kv6+SWiIQFdUQbFtgyTPM+0Q==",
      "dev": true
    },
    "@types/domhandler": {
      "version": "2.4.1",
      "resolved": "https://registry.npmjs.org/@types/domhandler/-/domhandler-2.4.1.tgz",
      "integrity": "sha512-cfBw6q6tT5sa1gSPFSRKzF/xxYrrmeiut7E0TxNBObiLSBTuFEHibcfEe3waQPEDbqBsq+ql/TOniw65EyDFMA==",
      "dev": true
    },
    "@types/domutils": {
      "version": "1.7.2",
      "resolved": "https://registry.npmjs.org/@types/domutils/-/domutils-1.7.2.tgz",
      "integrity": "sha512-Nnwy1Ztwq42SSNSZSh9EXBJGrOZPR+PQ2sRT4VZy8hnsFXfCil7YlKO2hd2360HyrtFz2qwnKQ13ENrgXNxJbw==",
      "dev": true,
      "requires": {
        "@types/domhandler": "*"
      }
    },
    "@types/htmlparser2": {
      "version": "3.10.0",
      "resolved": "https://registry.npmjs.org/@types/htmlparser2/-/htmlparser2-3.10.0.tgz",
      "integrity": "sha512-keXxWwpNOTvRTWTS4cdLHPp3p6gSzitTCmLNgPJinEvS95QzjkhbEMSaQO4XkEp4ctXJu8P0j4xqEVOPsLj3vg==",
      "dev": true,
      "requires": {
        "@types/domhandler": "*",
        "@types/domutils": "*",
        "@types/node": "*"
      }
    },
    "@types/lodash": {
      "version": "4.14.136",
      "resolved": "https://registry.npmjs.org/@types/lodash/-/lodash-4.14.136.tgz",
      "integrity": "sha512-0GJhzBdvsW2RUccNHOBkabI8HZVdOXmXbXhuKlDEd5Vv12P7oAVGfomGp3Ne21o5D/qu1WmthlNKFaoZJJeErA==",
      "dev": true
    },
    "@types/node": {
      "version": "12.6.2",
      "resolved": "https://registry.npmjs.org/@types/node/-/node-12.6.2.tgz",
      "integrity": "sha512-gojym4tX0FWeV2gsW4Xmzo5wxGjXGm550oVUII7f7G5o4BV6c7DBdiG1RRQd+y1bvqRyYtPfMK85UM95vsapqQ==",
      "dev": true
    },
    "ansi": {
      "version": "0.3.1",
      "resolved": "https://registry.npmjs.org/ansi/-/ansi-0.3.1.tgz",
      "integrity": "sha1-DELU+xcWDVqa8eSEus4cZpIsGyE="
    },
    "lodash": {
      "version": "4.17.14",
      "resolved": "https://registry.npmjs.org/lodash/-/lodash-4.17.14.tgz",
      "integrity": "sha512-mmKYbW3GLuJeX+iGP+Y7Gp1AiGHGbXHCOh/jZmrawMmsE7MS4znI3RL2FsjbqOyMayHInjOeykW7PEajUk1/xw=="
    },
    "typescript": {
      "version": "3.5.3",
      "resolved": "https://registry.npmjs.org/typescript/-/typescript-3.5.3.tgz",
      "integrity": "sha512-ACzBtm/PhXBDId6a6sDJfroT2pOWt/oOnk4/dElG5G33ZL776N3Y6/6bKZJBFpd+b05F3Ct9qDjMeJmRWtE2/g==",
      "dev": true
    }
  }
}
